// !$*UTF8*$!
{
	archiveVersion = 1;
	classes = {
	};
	objectVersion = 56;
	objects = {

/* Begin PBXBuildFile section */
		1284726B2A3F82F100261E00 /* TextAdventureApp1App.swift in Sources */ = {isa = PBXBuildFile; fileRef = 1284726A2A3F82F100261E00 /* TextAdventureApp1App.swift */; };
		1284726D2A3F82F100261E00 /* ContentView.swift in Sources */ = {isa = PBXBuildFile; fileRef = 1284726C2A3F82F100261E00 /* ContentView.swift */; };
		1284726F2A3F82F300261E00 /* Assets.xcassets in Resources */ = {isa = PBXBuildFile; fileRef = 1284726E2A3F82F300261E00 /* Assets.xcassets */; };
		128472722A3F82F300261E00 /* Preview Assets.xcassets in Resources */ = {isa = PBXBuildFile; fileRef = 128472712A3F82F300261E00 /* Preview Assets.xcassets */; };
		128472792A3F834900261E00 /* AdventureView.swift in Sources */ = {isa = PBXBuildFile; fileRef = 128472782A3F834900261E00 /* AdventureView.swift */; };
		1284727B2A3F837400261E00 /* ChoicesView.swift in Sources */ = {isa = PBXBuildFile; fileRef = 1284727A2A3F837400261E00 /* ChoicesView.swift */; };
		1284727D2A3F839700261E00 /* AdventureController.swift in Sources */ = {isa = PBXBuildFile; fileRef = 1284727C2A3F839700261E00 /* AdventureController.swift */; };
		1284727F2A3F83B700261E00 /* Choice.swift in Sources */ = {isa = PBXBuildFile; fileRef = 1284727E2A3F83B700261E00 /* Choice.swift */; };
/* End PBXBuildFile section */

/* Begin PBXFileReference section */
		128472672A3F82F100261E00 /* TextAdventureApp1.app */ = {isa = PBXFileReference; explicitFileType = wrapper.application; includeInIndex = 0; path = TextAdventureApp1.app; sourceTree = BUILT_PRODUCTS_DIR; };
		1284726A2A3F82F100261E00 /* TextAdventureApp1App.swift */ = {isa = PBXFileReference; lastKnownFileType = sourcecode.swift; path = TextAdventureApp1App.swift; sourceTree = "<group>"; };
		1284726C2A3F82F100261E00 /* ContentView.swift */ = {isa = PBXFileReference; lastKnownFileType = sourcecode.swift; path = ContentView.swift; sourceTree = "<group>"; };
		1284726E2A3F82F300261E00 /* Assets.xcassets */ = {isa = PBXFileReference; lastKnownFileType = folder.assetcatalog; path = Assets.xcassets; sourceTree = "<group>"; };
		128472712A3F82F300261E00 /* Preview Assets.xcassets */ = {isa = PBXFileReference; lastKnownFileType = folder.assetcatalog; path = "Preview Assets.xcassets"; sourceTree = "<group>"; };
		128472782A3F834900261E00 /* AdventureView.swift */ = {isa = PBXFileReference; lastKnownFileType = sourcecode.swift; path = AdventureView.swift; sourceTree = "<group>"; };
		1284727A2A3F837400261E00 /* ChoicesView.swift */ = {isa = PBXFileReference; lastKnownFileType = sourcecode.swift; path = ChoicesView.swift; sourceTree = "<group>"; };
		1284727C2A3F839700261E00 /* AdventureController.swift */ = {isa = PBXFileReference; lastKnownFileType = sourcecode.swift; path = AdventureController.swift; sourceTree = "<group>"; };
		1284727E2A3F83B700261E00 /* Choice.swift */ = {isa = PBXFileReference; lastKnownFileType = sourcecode.swift; path = Choice.swift; sourceTree = "<group>"; };
/* End PBXFileReference section */

/* Begin PBXFrameworksBuildPhase section */
		128472642A3F82F100261E00 /* Frameworks */ = {
			isa = PBXFrameworksBuildPhase;
			buildActionMask = 2147483647;
			files = (
			);
			runOnlyForDeploymentPostprocessing = 0;
		};
/* End PBXFrameworksBuildPhase section */

/* Begin PBXGroup section */
		1284725E2A3F82F100261E00 = {
			isa = PBXGroup;
			children = (
				128472692A3F82F100261E00 /* TextAdventureApp1 */,
				128472682A3F82F100261E00 /* Products */,
			);
			sourceTree = "<group>";
		};
		128472682A3F82F100261E00 /* Products */ = {
			isa = PBXGroup;
			children = (
				128472672A3F82F100261E00 /* TextAdventureApp1.app */,
			);
			name = Products;
			sourceTree = "<group>";
		};
		128472692A3F82F100261E00 /* TextAdventureApp1 */ = {
			isa = PBXGroup;
			children = (
				128472822A3F92F500261E00 /* Model */,
				128472832A3F930900261E00 /* View */,
				128472842A3F931600261E00 /* Control */,
				1284726A2A3F82F100261E00 /* TextAdventureApp1App.swift */,
				128472702A3F82F300261E00 /* Preview Content */,
			);
			path = TextAdventureApp1;
			sourceTree = "<group>";
		};
		128472702A3F82F300261E00 /* Preview Content */ = {
			isa = PBXGroup;
			children = (
				1284726E2A3F82F300261E00 /* Assets.xcassets */,
				128472712A3F82F300261E00 /* Preview Assets.xcassets */,
			);
			path = "Preview Content";
			sourceTree = "<group>";
		};
		128472822A3F92F500261E00 /* Model */ = {
			isa = PBXGroup;
			children = (
				1284727E2A3F83B700261E00 /* Choice.swift */,
			);
			path = Model;
			sourceTree = "<group>";
		};
		128472832A3F930900261E00 /* View */ = {
			isa = PBXGroup;
			children = (
				1284726C2A3F82F100261E00 /* ContentView.swift */,
				128472782A3F834900261E00 /* AdventureView.swift */,
				1284727A2A3F837400261E00 /* ChoicesView.swift */,
			);
			path = View;
			sourceTree = "<group>";
		};
		128472842A3F931600261E00 /* Control */ = {
			isa = PBXGroup;
			children = (
				1284727C2A3F839700261E00 /* AdventureController.swift */,
			);
			path = Control;
			sourceTree = "<group>";
		};
/* End PBXGroup section */

/* Begin PBXNativeTarget section */
		128472662A3F82F100261E00 /* TextAdventureApp1 */ = {
			isa = PBXNativeTarget;
			buildConfigurationList = 128472752A3F82F300261E00 /* Build configuration list for PBXNativeTarget "TextAdventureApp1" */;
			buildPhases = (
				128472632A3F82F100261E00 /* Sources */,
				128472642A3F82F100261E00 /* Frameworks */,
				128472652A3F82F100261E00 /* Resources */,
			);
			buildRules = (
			);
			dependencies = (
			);
			name = TextAdventureApp1;
			productName = TextAdventureApp1;
			productReference = 128472672A3F82F100261E00 /* TextAdventureApp1.app */;
			productType = "com.apple.product-type.application";
		};
/* End PBXNativeTarget section */

/* Begin PBXProject section */
		1284725F2A3F82F100261E00 /* Project object */ = {
			isa = PBXProject;
			attributes = {
				BuildIndependentTargetsInParallel = 1;
				LastSwiftUpdateCheck = 1420;
				LastUpgradeCheck = 1420;
				TargetAttributes = {
					128472662A3F82F100261E00 = {
						CreatedOnToolsVersion = 14.2;
					};
				};
			};
			buildConfigurationList = 128472622A3F82F100261E00 /* Build configuration list for PBXProject "TextAdventureApp1" */;
			compatibilityVersion = "Xcode 14.0";
			developmentRegion = en;
			hasScannedForEncodings = 0;
			knownRegions = (
				en,
				Base,
			);
			mainGroup = 1284725E2A3F82F100261E00;
			productRefGroup = 128472682A3F82F100261E00 /* Products */;
			projectDirPath = "";
			projectRoot = "";
			targets = (
				128472662A3F82F100261E00 /* TextAdventureApp1 */,
			);
		};
/* End PBXProject section */

/* Begin PBXResourcesBuildPhase section */
		128472652A3F82F100261E00 /* Resources */ = {
			isa = PBXResourcesBuildPhase;
			buildActionMask = 2147483647;
			files = (
				128472722A3F82F300261E00 /* Preview Assets.xcassets in Resources */,
				1284726F2A3F82F300261E00 /* Assets.xcassets in Resources */,
			);
			runOnlyForDeploymentPostprocessing = 0;
		};
/* End PBXResourcesBuildPhase section */

/* Begin PBXSourcesBuildPhase section */
		128472632A3F82F100261E00 /* Sources */ = {
			isa = PBXSourcesBuildPhase;
			buildActionMask = 2147483647;
			files = (
				1284727F2A3F83B700261E00 /* Choice.swift in Sources */,
				1284726D2A3F82F100261E00 /* ContentView.swift in Sources */,
				1284727B2A3F837400261E00 /* ChoicesView.swift in Sources */,
				1284727D2A3F839700261E00 /* AdventureController.swift in Sources */,
				1284726B2A3F82F100261E00 /* TextAdventureApp1App.swift in Sources */,
				128472792A3F834900261E00 /* AdventureView.swift in Sources */,
			);
			runOnlyForDeploymentPostprocessing = 0;
		};
/* End PBXSourcesBuildPhase section */

/* Begin XCBuildConfiguration section */
		128472732A3F82F300261E00 /* Debug */ = {
			isa = XCBuildConfiguration;
			buildSettings = {
				ALWAYS_SEARCH_USER_PATHS = NO;
				CLANG_ANALYZER_NONNULL = YES;
				CLANG_ANALYZER_NUMBER_OBJECT_CONVERSION = YES_AGGRESSIVE;
				CLANG_CXX_LANGUAGE_STANDARD = "gnu++20";
				CLANG_ENABLE_MODULES = YES;
				CLANG_ENABLE_OBJC_ARC = YES;
				CLANG_ENABLE_OBJC_WEAK = YES;
				CLANG_WARN_BLOCK_CAPTURE_AUTORELEASING = YES;
				CLANG_WARN_BOOL_CONVERSION = YES;
				CLANG_WARN_COMMA = YES;
				CLANG_WARN_CONSTANT_CONVERSION = YES;
				CLANG_WARN_DEPRECATED_OBJC_IMPLEMENTATIONS = YES;
				CLANG_WARN_DIRECT_OBJC_ISA_USAGE = YES_ERROR;
				CLANG_WARN_DOCUMENTATION_COMMENTS = YES;
				CLANG_WARN_EMPTY_BODY = YES;
				CLANG_WARN_ENUM_CONVERSION = YES;
				CLANG_WARN_INFINITE_RECURSION = YES;
				CLANG_WARN_INT_CONVERSION = YES;
				CLANG_WARN_NON_LITERAL_NULL_CONVERSION = YES;
				CLANG_WARN_OBJC_IMPLICIT_RETAIN_SELF = YES;
				CLANG_WARN_OBJC_LITERAL_CONVERSION = YES;
				CLANG_WARN_OBJC_ROOT_CLASS = YES_ERROR;
				CLANG_WARN_QUOTED_INCLUDE_IN_FRAMEWORK_HEADER = YES;
				CLANG_WARN_RANGE_LOOP_ANALYSIS = YES;
				CLANG_WARN_STRICT_PROTOTYPES = YES;
				CLANG_WARN_SUSPICIOUS_MOVE = YES;
				CLANG_WARN_UNGUARDED_AVAILABILITY = YES_AGGRESSIVE;
				CLANG_WARN_UNREACHABLE_CODE = YES;
				CLANG_WARN__DUPLICATE_METHOD_MATCH = YES;
				COPY_PHASE_STRIP = NO;
				DEBUG_INFORMATION_FORMAT = dwarf;
				ENABLE_STRICT_OBJC_MSGSEND = YES;
				ENABLE_TESTABILITY = YES;
				GCC_C_LANGUAGE_STANDARD = gnu11;
				GCC_DYNAMIC_NO_PIC = NO;
				GCC_NO_COMMON_BLOCKS = YES;
				GCC_OPTIMIZATION_LEVEL = 0;
				GCC_PREPROCESSOR_DEFINITIONS = (
					"DEBUG=1",
					"$(inherited)",
				);
				GCC_WARN_64_TO_32_BIT_CONVERSION = YES;
				GCC_WARN_ABOUT_RETURN_TYPE = YES_ERROR;
				GCC_WARN_UNDECLARED_SELECTOR = YES;
				GCC_WARN_UNINITIALIZED_AUTOS = YES_AGGRESSIVE;
				GCC_WARN_UNUSED_FUNCTION = YES;
				GCC_WARN_UNUSED_VARIABLE = YES;
				IPHONEOS_DEPLOYMENT_TARGET = 16.2;
				MTL_ENABLE_DEBUG_INFO = INCLUDE_SOURCE;
				MTL_FAST_MATH = YES;
				ONLY_ACTIVE_ARCH = YES;
				SDKROOT = iphoneos;
				SWIFT_ACTIVE_COMPILATION_CONDITIONS = DEBUG;
				SWIFT_OPTIMIZATION_LEVEL = "-Onone";
			};
			name = Debug;
		};
		128472742A3F82F300261E00 /* Release */ = {
			isa = XCBuildConfiguration;
			buildSettings = {
				ALWAYS_SEARCH_USER_PATHS = NO;
				CLANG_ANALYZER_NONNULL = YES;
				CLANG_ANALYZER_NUMBER_OBJECT_CONVERSION = YES_AGGRESSIVE;
				CLANG_CXX_LANGUAGE_STANDARD = "gnu++20";
				CLANG_ENABLE_MODULES = YES;
				CLANG_ENABLE_OBJC_ARC = YES;
				CLANG_ENABLE_OBJC_WEAK = YES;
				CLANG_WARN_BLOCK_CAPTURE_AUTORELEASING = YES;
				CLANG_WARN_BOOL_CONVERSION = YES;
				CLANG_WARN_COMMA = YES;
				CLANG_WARN_CONSTANT_CONVERSION = YES;
				CLANG_WARN_DEPRECATED_OBJC_IMPLEMENTATIONS = YES;
				CLANG_WARN_DIRECT_OBJC_ISA_USAGE = YES_ERROR;
				CLANG_WARN_DOCUMENTATION_COMMENTS = YES;
				CLANG_WARN_EMPTY_BODY = YES;
				CLANG_WARN_ENUM_CONVERSION = YES;
				CLANG_WARN_INFINITE_RECURSION = YES;
				CLANG_WARN_INT_CONVERSION = YES;
				CLANG_WARN_NON_LITERAL_NULL_CONVERSION = YES;
				CLANG_WARN_OBJC_IMPLICIT_RETAIN_SELF = YES;
				CLANG_WARN_OBJC_LITERAL_CONVERSION = YES;
				CLANG_WARN_OBJC_ROOT_CLASS = YES_ERROR;
				CLANG_WARN_QUOTED_INCLUDE_IN_FRAMEWORK_HEADER = YES;
				CLANG_WARN_RANGE_LOOP_ANALYSIS = YES;
				CLANG_WARN_STRICT_PROTOTYPES = YES;
				CLANG_WARN_SUSPICIOUS_MOVE = YES;
				CLANG_WARN_UNGUARDED_AVAILABILITY = YES_AGGRESSIVE;
				CLANG_WARN_UNREACHABLE_CODE = YES;
				CLANG_WARN__DUPLICATE_METHOD_MATCH = YES;
				COPY_PHASE_STRIP = NO;
				DEBUG_INFORMATION_FORMAT = "dwarf-with-dsym";
				ENABLE_NS_ASSERTIONS = NO;
				ENABLE_STRICT_OBJC_MSGSEND = YES;
				GCC_C_LANGUAGE_STANDARD = gnu11;
				GCC_NO_COMMON_BLOCKS = YES;
				GCC_WARN_64_TO_32_BIT_CONVERSION = YES;
				GCC_WARN_ABOUT_RETURN_TYPE = YES_ERROR;
				GCC_WARN_UNDECLARED_SELECTOR = YES;
				GCC_WARN_UNINITIALIZED_AUTOS = YES_AGGRESSIVE;
				GCC_WARN_UNUSED_FUNCTION = YES;
				GCC_WARN_UNUSED_VARIABLE = YES;
				IPHONEOS_DEPLOYMENT_TARGET = 16.2;
				MTL_ENABLE_DEBUG_INFO = NO;
				MTL_FAST_MATH = YES;
				SDKROOT = iphoneos;
				SWIFT_COMPILATION_MODE = wholemodule;
				SWIFT_OPTIMIZATION_LEVEL = "-O";
				VALIDATE_PRODUCT = YES;
			};
			name = Release;
		};
		128472762A3F82F300261E00 /* Debug */ = {
			isa = XCBuildConfiguration;
			buildSettings = {
				ASSETCATALOG_COMPILER_APPICON_NAME = AppIcon;
				ASSETCATALOG_COMPILER_GLOBAL_ACCENT_COLOR_NAME = AccentColor;
				CODE_SIGN_STYLE = Automatic;
				CURRENT_PROJECT_VERSION = 1;
				DEVELOPMENT_ASSET_PATHS = "\"TextAdventureApp1/Preview Content\"";
				ENABLE_PREVIEWS = YES;
				GENERATE_INFOPLIST_FILE = YES;
				INFOPLIST_KEY_UIApplicationSceneManifest_Generation = YES;
				INFOPLIST_KEY_UIApplicationSupportsIndirectInputEvents = YES;
				INFOPLIST_KEY_UILaunchScreen_Generation = YES;
				INFOPLIST_KEY_UISupportedInterfaceOrientations_iPad = "UIInterfaceOrientationPortrait UIInterfaceOrientationPortraitUpsideDown UIInterfaceOrientationLandscapeLeft UIInterfaceOrientationLandscapeRight";
				INFOPLIST_KEY_UISupportedInterfaceOrientations_iPhone = "UIInterfaceOrientationPortrait UIInterfaceOrientationLandscapeLeft UIInterfaceOrientationLandscapeRight";
				LD_RUNPATH_SEARCH_PATHS = (
					"$(inherited)",
					"@executable_path/Frameworks",
				);
				MARKETING_VERSION = 1.0;
				PRODUCT_BUNDLE_IDENTIFIER = fukuchi.TextAdventureApp1;
				PRODUCT_NAME = "$(TARGET_NAME)";
				SWIFT_EMIT_LOC_STRINGS = YES;
				SWIFT_VERSION = 5.0;
				TARGETED_DEVICE_FAMILY = "1,2";
			};
			name = Debug;
		};
		128472772A3F82F300261E00 /* Release */ = {
			isa = XCBuildConfiguration;
			buildSettings = {
				ASSETCATALOG_COMPILER_APPICON_NAME = AppIcon;
				ASSETCATALOG_COMPILER_GLOBAL_ACCENT_COLOR_NAME = AccentColor;
				CODE_SIGN_STYLE = Automatic;
				CURRENT_PROJECT_VERSION = 1;
				DEVELOPMENT_ASSET_PATHS = "\"TextAdventureApp1/Preview Content\"";
				ENABLE_PREVIEWS = YES;
				GENERATE_INFOPLIST_FILE = YES;
				INFOPLIST_KEY_UIApplicationSceneManifest_Generation = YES;
				INFOPLIST_KEY_UIApplicationSupportsIndirectInputEvents = YES;
				INFOPLIST_KEY_UILaunchScreen_Generation = YES;
				INFOPLIST_KEY_UISupportedInterfaceOrientations_iPad = "UIInterfaceOrientationPortrait UIInterfaceOrientationPortraitUpsideDown UIInterfaceOrientationLandscapeLeft UIInterfaceOrientationLandscapeRight";
				INFOPLIST_KEY_UISupportedInterfaceOrientations_iPhone = "UIInterfaceOrientationPortrait UIInterfaceOrientationLandscapeLeft UIInterfaceOrientationLandscapeRight";
				LD_RUNPATH_SEARCH_PATHS = (
					"$(inherited)",
					"@executable_path/Frameworks",
				);
				MARKETING_VERSION = 1.0;
				PRODUCT_BUNDLE_IDENTIFIER = fukuchi.TextAdventureApp1;
				PRODUCT_NAME = "$(TARGET_NAME)";
				SWIFT_EMIT_LOC_STRINGS = YES;
				SWIFT_VERSION = 5.0;
				TARGETED_DEVICE_FAMILY = "1,2";
			};
			name = Release;
		};
/* End XCBuildConfiguration section */

/* Begin XCConfigurationList section */
		128472622A3F82F100261E00 /* Build configuration list for PBXProject "TextAdventureApp1" */ = {
			isa = XCConfigurationList;
			buildConfigurations = (
				128472732A3F82F300261E00 /* Debug */,
				128472742A3F82F300261E00 /* Release */,
			);
			defaultConfigurationIsVisible = 0;
			defaultConfigurationName = Release;
		};
		128472752A3F82F300261E00 /* Build configuration list for PBXNativeTarget "TextAdventureApp1" */ = {
			isa = XCConfigurationList;
			buildConfigurations = (
				128472762A3F82F300261E00 /* Debug */,
				128472772A3F82F300261E00 /* Release */,
			);
			defaultConfigurationIsVisible = 0;
			defaultConfigurationName = Release;
		};
/* End XCConfigurationList section */
	};
	rootObject = 1284725F2A3F82F100261E00 /* Project object */;
}
